// !$*UTF8*$!
{
	archiveVersion = 1;
	classes = {
	};
	objectVersion = 56;
	objects = {

/* Begin PBXBuildFile section */
		1918DA052A98271900456184 /* AppDelegate.swift in Sources */ = {isa = PBXBuildFile; fileRef = 1918DA042A98271900456184 /* AppDelegate.swift */; };
		1918DA072A98271900456184 /* SceneDelegate.swift in Sources */ = {isa = PBXBuildFile; fileRef = 1918DA062A98271900456184 /* SceneDelegate.swift */; };
		1918DA092A98271900456184 /* ViewController.swift in Sources */ = {isa = PBXBuildFile; fileRef = 1918DA082A98271900456184 /* ViewController.swift */; };
		1918DA0E2A98271C00456184 /* Assets.xcassets in Resources */ = {isa = PBXBuildFile; fileRef = 1918DA0D2A98271C00456184 /* Assets.xcassets */; };
		1918DA112A98271C00456184 /* LaunchScreen.storyboard in Resources */ = {isa = PBXBuildFile; fileRef = 1918DA0F2A98271C00456184 /* LaunchScreen.storyboard */; };
		1918DA192A9D2AAD00456184 /* SearchVC.swift in Sources */ = {isa = PBXBuildFile; fileRef = 1918DA182A9D2AAD00456184 /* SearchVC.swift */; };
		1918DA1B2A9D2AE800456184 /* FavoriteVC.swift in Sources */ = {isa = PBXBuildFile; fileRef = 1918DA1A2A9D2AE800456184 /* FavoriteVC.swift */; };
		1918DA1D2A9D41C700456184 /* GFButtons.swift in Sources */ = {isa = PBXBuildFile; fileRef = 1918DA1C2A9D41C700456184 /* GFButtons.swift */; };
		1918DA1F2A9D43BA00456184 /* GFTextFields.swift in Sources */ = {isa = PBXBuildFile; fileRef = 1918DA1E2A9D43BA00456184 /* GFTextFields.swift */; };
		1918DA212A9E9FA900456184 /* FollowerListVC.swift in Sources */ = {isa = PBXBuildFile; fileRef = 1918DA202A9E9FA900456184 /* FollowerListVC.swift */; };
		1918DA232AA1217D00456184 /* GFTitleLabel.swift in Sources */ = {isa = PBXBuildFile; fileRef = 1918DA222AA1217D00456184 /* GFTitleLabel.swift */; };
		1918DA252AA1234F00456184 /* GFBodyLabel.swift in Sources */ = {isa = PBXBuildFile; fileRef = 1918DA242AA1234F00456184 /* GFBodyLabel.swift */; };
		1918DA272AA126F200456184 /* GFAlertVC.swift in Sources */ = {isa = PBXBuildFile; fileRef = 1918DA262AA126F200456184 /* GFAlertVC.swift */; };
/* End PBXBuildFile section */

/* Begin PBXFileReference section */
		1918DA012A98271900456184 /* GHFollowers.app */ = {isa = PBXFileReference; explicitFileType = wrapper.application; includeInIndex = 0; path = GHFollowers.app; sourceTree = BUILT_PRODUCTS_DIR; };
		1918DA042A98271900456184 /* AppDelegate.swift */ = {isa = PBXFileReference; lastKnownFileType = sourcecode.swift; path = AppDelegate.swift; sourceTree = "<group>"; };
		1918DA062A98271900456184 /* SceneDelegate.swift */ = {isa = PBXFileReference; lastKnownFileType = sourcecode.swift; path = SceneDelegate.swift; sourceTree = "<group>"; };
		1918DA082A98271900456184 /* ViewController.swift */ = {isa = PBXFileReference; lastKnownFileType = sourcecode.swift; path = ViewController.swift; sourceTree = "<group>"; };
		1918DA0D2A98271C00456184 /* Assets.xcassets */ = {isa = PBXFileReference; lastKnownFileType = folder.assetcatalog; path = Assets.xcassets; sourceTree = "<group>"; };
		1918DA102A98271C00456184 /* Base */ = {isa = PBXFileReference; lastKnownFileType = file.storyboard; name = Base; path = Base.lproj/LaunchScreen.storyboard; sourceTree = "<group>"; };
		1918DA122A98271C00456184 /* Info.plist */ = {isa = PBXFileReference; lastKnownFileType = text.plist.xml; path = Info.plist; sourceTree = "<group>"; };
		1918DA182A9D2AAD00456184 /* SearchVC.swift */ = {isa = PBXFileReference; lastKnownFileType = sourcecode.swift; path = SearchVC.swift; sourceTree = "<group>"; };
		1918DA1A2A9D2AE800456184 /* FavoriteVC.swift */ = {isa = PBXFileReference; lastKnownFileType = sourcecode.swift; path = FavoriteVC.swift; sourceTree = "<group>"; };
		1918DA1C2A9D41C700456184 /* GFButtons.swift */ = {isa = PBXFileReference; lastKnownFileType = sourcecode.swift; path = GFButtons.swift; sourceTree = "<group>"; };
		1918DA1E2A9D43BA00456184 /* GFTextFields.swift */ = {isa = PBXFileReference; lastKnownFileType = sourcecode.swift; path = GFTextFields.swift; sourceTree = "<group>"; };
		1918DA202A9E9FA900456184 /* FollowerListVC.swift */ = {isa = PBXFileReference; lastKnownFileType = sourcecode.swift; path = FollowerListVC.swift; sourceTree = "<group>"; };
		1918DA222AA1217D00456184 /* GFTitleLabel.swift */ = {isa = PBXFileReference; lastKnownFileType = sourcecode.swift; path = GFTitleLabel.swift; sourceTree = "<group>"; };
		1918DA242AA1234F00456184 /* GFBodyLabel.swift */ = {isa = PBXFileReference; lastKnownFileType = sourcecode.swift; path = GFBodyLabel.swift; sourceTree = "<group>"; };
		1918DA262AA126F200456184 /* GFAlertVC.swift */ = {isa = PBXFileReference; lastKnownFileType = sourcecode.swift; path = GFAlertVC.swift; sourceTree = "<group>"; };
/* End PBXFileReference section */

/* Begin PBXFrameworksBuildPhase section */
		1918D9FE2A98271900456184 /* Frameworks */ = {
			isa = PBXFrameworksBuildPhase;
			buildActionMask = 2147483647;
			files = (
			);
			runOnlyForDeploymentPostprocessing = 0;
		};
/* End PBXFrameworksBuildPhase section */

/* Begin PBXGroup section */
		1918D9F82A98271900456184 = {
			isa = PBXGroup;
			children = (
				1918DA032A98271900456184 /* GHFollowers */,
				1918DA022A98271900456184 /* Products */,
			);
			sourceTree = "<group>";
		};
		1918DA022A98271900456184 /* Products */ = {
			isa = PBXGroup;
			children = (
				1918DA012A98271900456184 /* GHFollowers.app */,
			);
			name = Products;
			sourceTree = "<group>";
		};
		1918DA032A98271900456184 /* GHFollowers */ = {
			isa = PBXGroup;
			children = (
				1918DA042A98271900456184 /* AppDelegate.swift */,
				1918DA062A98271900456184 /* SceneDelegate.swift */,
				1918DA182A9D2AAD00456184 /* SearchVC.swift */,
				1918DA222AA1217D00456184 /* GFTitleLabel.swift */,
				1918DA242AA1234F00456184 /* GFBodyLabel.swift */,
				1918DA262AA126F200456184 /* GFAlertVC.swift */,
				1918DA202A9E9FA900456184 /* FollowerListVC.swift */,
				1918DA1A2A9D2AE800456184 /* FavoriteVC.swift */,
				1918DA1C2A9D41C700456184 /* GFButtons.swift */,
				1918DA1E2A9D43BA00456184 /* GFTextFields.swift */,
				1918DA082A98271900456184 /* ViewController.swift */,
				1918DA0D2A98271C00456184 /* Assets.xcassets */,
				1918DA0F2A98271C00456184 /* LaunchScreen.storyboard */,
				1918DA122A98271C00456184 /* Info.plist */,
			);
			path = GHFollowers;
			sourceTree = "<group>";
		};
/* End PBXGroup section */

/* Begin PBXNativeTarget section */
		1918DA002A98271900456184 /* GHFollowers */ = {
			isa = PBXNativeTarget;
			buildConfigurationList = 1918DA152A98271C00456184 /* Build configuration list for PBXNativeTarget "GHFollowers" */;
			buildPhases = (
				1918D9FD2A98271900456184 /* Sources */,
				1918D9FE2A98271900456184 /* Frameworks */,
				1918D9FF2A98271900456184 /* Resources */,
			);
			buildRules = (
			);
			dependencies = (
			);
			name = GHFollowers;
			productName = GHFollowers;
			productReference = 1918DA012A98271900456184 /* GHFollowers.app */;
			productType = "com.apple.product-type.application";
		};
/* End PBXNativeTarget section */

/* Begin PBXProject section */
		1918D9F92A98271900456184 /* Project object */ = {
			isa = PBXProject;
			attributes = {
				BuildIndependentTargetsInParallel = 1;
				LastSwiftUpdateCheck = 1430;
				LastUpgradeCheck = 1430;
				TargetAttributes = {
					1918DA002A98271900456184 = {
						CreatedOnToolsVersion = 14.3;
					};
				};
			};
			buildConfigurationList = 1918D9FC2A98271900456184 /* Build configuration list for PBXProject "GHFollowers" */;
			compatibilityVersion = "Xcode 14.0";
			developmentRegion = en;
			hasScannedForEncodings = 0;
			knownRegions = (
				en,
				Base,
			);
			mainGroup = 1918D9F82A98271900456184;
			productRefGroup = 1918DA022A98271900456184 /* Products */;
			projectDirPath = "";
			projectRoot = "";
			targets = (
				1918DA002A98271900456184 /* GHFollowers */,
			);
		};
/* End PBXProject section */

/* Begin PBXResourcesBuildPhase section */
		1918D9FF2A98271900456184 /* Resources */ = {
			isa = PBXResourcesBuildPhase;
			buildActionMask = 2147483647;
			files = (
				1918DA112A98271C00456184 /* LaunchScreen.storyboard in Resources */,
				1918DA0E2A98271C00456184 /* Assets.xcassets in Resources */,
			);
			runOnlyForDeploymentPostprocessing = 0;
		};
/* End PBXResourcesBuildPhase section */

/* Begin PBXSourcesBuildPhase section */
		1918D9FD2A98271900456184 /* Sources */ = {
			isa = PBXSourcesBuildPhase;
			buildActionMask = 2147483647;
			files = (
				1918DA1D2A9D41C700456184 /* GFButtons.swift in Sources */,
				1918DA192A9D2AAD00456184 /* SearchVC.swift in Sources */,
				1918DA1F2A9D43BA00456184 /* GFTextFields.swift in Sources */,
				1918DA092A98271900456184 /* ViewController.swift in Sources */,
				1918DA052A98271900456184 /* AppDelegate.swift in Sources */,
				1918DA272AA126F200456184 /* GFAlertVC.swift in Sources */,
				1918DA072A98271900456184 /* SceneDelegate.swift in Sources */,
				1918DA232AA1217D00456184 /* GFTitleLabel.swift in Sources */,
				1918DA212A9E9FA900456184 /* FollowerListVC.swift in Sources */,
				1918DA1B2A9D2AE800456184 /* FavoriteVC.swift in Sources */,
				1918DA252AA1234F00456184 /* GFBodyLabel.swift in Sources */,
			);
			runOnlyForDeploymentPostprocessing = 0;
		};
/* End PBXSourcesBuildPhase section */

/* Begin PBXVariantGroup section */
		1918DA0F2A98271C00456184 /* LaunchScreen.storyboard */ = {
			isa = PBXVariantGroup;
			children = (
				1918DA102A98271C00456184 /* Base */,
			);
			name = LaunchScreen.storyboard;
			sourceTree = "<group>";
		};
/* End PBXVariantGroup section */

/* Begin XCBuildConfiguration section */
		1918DA132A98271C00456184 /* Debug */ = {
			isa = XCBuildConfiguration;
			buildSettings = {
				ALWAYS_SEARCH_USER_PATHS = NO;
				CLANG_ANALYZER_NONNULL = YES;
				CLANG_ANALYZER_NUMBER_OBJECT_CONVERSION = YES_AGGRESSIVE;
				CLANG_CXX_LANGUAGE_STANDARD = "gnu++20";
				CLANG_ENABLE_MODULES = YES;
				CLANG_ENABLE_OBJC_ARC = YES;
				CLANG_ENABLE_OBJC_WEAK = YES;
				CLANG_WARN_BLOCK_CAPTURE_AUTORELEASING = YES;
				CLANG_WARN_BOOL_CONVERSION = YES;
				CLANG_WARN_COMMA = YES;
				CLANG_WARN_CONSTANT_CONVERSION = YES;
				CLANG_WARN_DEPRECATED_OBJC_IMPLEMENTATIONS = YES;
				CLANG_WARN_DIRECT_OBJC_ISA_USAGE = YES_ERROR;
				CLANG_WARN_DOCUMENTATION_COMMENTS = YES;
				CLANG_WARN_EMPTY_BODY = YES;
				CLANG_WARN_ENUM_CONVERSION = YES;
				CLANG_WARN_INFINITE_RECURSION = YES;
				CLANG_WARN_INT_CONVERSION = YES;
				CLANG_WARN_NON_LITERAL_NULL_CONVERSION = YES;
				CLANG_WARN_OBJC_IMPLICIT_RETAIN_SELF = YES;
				CLANG_WARN_OBJC_LITERAL_CONVERSION = YES;
				CLANG_WARN_OBJC_ROOT_CLASS = YES_ERROR;
				CLANG_WARN_QUOTED_INCLUDE_IN_FRAMEWORK_HEADER = YES;
				CLANG_WARN_RANGE_LOOP_ANALYSIS = YES;
				CLANG_WARN_STRICT_PROTOTYPES = YES;
				CLANG_WARN_SUSPICIOUS_MOVE = YES;
				CLANG_WARN_UNGUARDED_AVAILABILITY = YES_AGGRESSIVE;
				CLANG_WARN_UNREACHABLE_CODE = YES;
				CLANG_WARN__DUPLICATE_METHOD_MATCH = YES;
				COPY_PHASE_STRIP = NO;
				DEBUG_INFORMATION_FORMAT = dwarf;
				ENABLE_STRICT_OBJC_MSGSEND = YES;
				ENABLE_TESTABILITY = YES;
				GCC_C_LANGUAGE_STANDARD = gnu11;
				GCC_DYNAMIC_NO_PIC = NO;
				GCC_NO_COMMON_BLOCKS = YES;
				GCC_OPTIMIZATION_LEVEL = 0;
				GCC_PREPROCESSOR_DEFINITIONS = (
					"DEBUG=1",
					"$(inherited)",
				);
				GCC_WARN_64_TO_32_BIT_CONVERSION = YES;
				GCC_WARN_ABOUT_RETURN_TYPE = YES_ERROR;
				GCC_WARN_UNDECLARED_SELECTOR = YES;
				GCC_WARN_UNINITIALIZED_AUTOS = YES_AGGRESSIVE;
				GCC_WARN_UNUSED_FUNCTION = YES;
				GCC_WARN_UNUSED_VARIABLE = YES;
				IPHONEOS_DEPLOYMENT_TARGET = 16.4;
				MTL_ENABLE_DEBUG_INFO = INCLUDE_SOURCE;
				MTL_FAST_MATH = YES;
				ONLY_ACTIVE_ARCH = YES;
				SDKROOT = iphoneos;
				SWIFT_ACTIVE_COMPILATION_CONDITIONS = DEBUG;
				SWIFT_OPTIMIZATION_LEVEL = "-Onone";
			};
			name = Debug;
		};
		1918DA142A98271C00456184 /* Release */ = {
			isa = XCBuildConfiguration;
			buildSettings = {
				ALWAYS_SEARCH_USER_PATHS = NO;
				CLANG_ANALYZER_NONNULL = YES;
				CLANG_ANALYZER_NUMBER_OBJECT_CONVERSION = YES_AGGRESSIVE;
				CLANG_CXX_LANGUAGE_STANDARD = "gnu++20";
				CLANG_ENABLE_MODULES = YES;
				CLANG_ENABLE_OBJC_ARC = YES;
				CLANG_ENABLE_OBJC_WEAK = YES;
				CLANG_WARN_BLOCK_CAPTURE_AUTORELEASING = YES;
				CLANG_WARN_BOOL_CONVERSION = YES;
				CLANG_WARN_COMMA = YES;
				CLANG_WARN_CONSTANT_CONVERSION = YES;
				CLANG_WARN_DEPRECATED_OBJC_IMPLEMENTATIONS = YES;
				CLANG_WARN_DIRECT_OBJC_ISA_USAGE = YES_ERROR;
				CLANG_WARN_DOCUMENTATION_COMMENTS = YES;
				CLANG_WARN_EMPTY_BODY = YES;
				CLANG_WARN_ENUM_CONVERSION = YES;
				CLANG_WARN_INFINITE_RECURSION = YES;
				CLANG_WARN_INT_CONVERSION = YES;
				CLANG_WARN_NON_LITERAL_NULL_CONVERSION = YES;
				CLANG_WARN_OBJC_IMPLICIT_RETAIN_SELF = YES;
				CLANG_WARN_OBJC_LITERAL_CONVERSION = YES;
				CLANG_WARN_OBJC_ROOT_CLASS = YES_ERROR;
				CLANG_WARN_QUOTED_INCLUDE_IN_FRAMEWORK_HEADER = YES;
				CLANG_WARN_RANGE_LOOP_ANALYSIS = YES;
				CLANG_WARN_STRICT_PROTOTYPES = YES;
				CLANG_WARN_SUSPICIOUS_MOVE = YES;
				CLANG_WARN_UNGUARDED_AVAILABILITY = YES_AGGRESSIVE;
				CLANG_WARN_UNREACHABLE_CODE = YES;
				CLANG_WARN__DUPLICATE_METHOD_MATCH = YES;
				COPY_PHASE_STRIP = NO;
				DEBUG_INFORMATION_FORMAT = "dwarf-with-dsym";
				ENABLE_NS_ASSERTIONS = NO;
				ENABLE_STRICT_OBJC_MSGSEND = YES;
				GCC_C_LANGUAGE_STANDARD = gnu11;
				GCC_NO_COMMON_BLOCKS = YES;
				GCC_WARN_64_TO_32_BIT_CONVERSION = YES;
				GCC_WARN_ABOUT_RETURN_TYPE = YES_ERROR;
				GCC_WARN_UNDECLARED_SELECTOR = YES;
				GCC_WARN_UNINITIALIZED_AUTOS = YES_AGGRESSIVE;
				GCC_WARN_UNUSED_FUNCTION = YES;
				GCC_WARN_UNUSED_VARIABLE = YES;
				IPHONEOS_DEPLOYMENT_TARGET = 16.4;
				MTL_ENABLE_DEBUG_INFO = NO;
				MTL_FAST_MATH = YES;
				SDKROOT = iphoneos;
				SWIFT_COMPILATION_MODE = wholemodule;
				SWIFT_OPTIMIZATION_LEVEL = "-O";
				VALIDATE_PRODUCT = YES;
			};
			name = Release;
		};
		1918DA162A98271C00456184 /* Debug */ = {
			isa = XCBuildConfiguration;
			buildSettings = {
				ASSETCATALOG_COMPILER_APPICON_NAME = AppIcon;
				ASSETCATALOG_COMPILER_GLOBAL_ACCENT_COLOR_NAME = AccentColor;
				CODE_SIGN_STYLE = Automatic;
				CURRENT_PROJECT_VERSION = 1;
				DEVELOPMENT_TEAM = QQ68G99VDN;
				GENERATE_INFOPLIST_FILE = YES;
				INFOPLIST_FILE = GHFollowers/Info.plist;
				INFOPLIST_KEY_UIApplicationSupportsIndirectInputEvents = YES;
				INFOPLIST_KEY_UILaunchStoryboardName = "";
				INFOPLIST_KEY_UIStatusBarStyle = "";
				INFOPLIST_KEY_UISupportedInterfaceOrientations = UIInterfaceOrientationPortrait;
				INFOPLIST_KEY_UISupportedInterfaceOrientations_iPad = "UIInterfaceOrientationLandscapeLeft UIInterfaceOrientationLandscapeRight UIInterfaceOrientationPortrait UIInterfaceOrientationPortraitUpsideDown";
				LD_RUNPATH_SEARCH_PATHS = (
					"$(inherited)",
					"@executable_path/Frameworks",
				);
				MARKETING_VERSION = 1.0;
				PRODUCT_BUNDLE_IDENTIFIER = co.jameel.GHFollowers;
				PRODUCT_NAME = "$(TARGET_NAME)";
				SUPPORTED_PLATFORMS = "iphoneos iphonesimulator";
				SUPPORTS_MACCATALYST = NO;
				SUPPORTS_MAC_DESIGNED_FOR_IPHONE_IPAD = YES;
				SWIFT_EMIT_LOC_STRINGS = YES;
				SWIFT_VERSION = 5.0;
				TARGETED_DEVICE_FAMILY = 1;
			};
			name = Debug;
		};
		1918DA172A98271C00456184 /* Release */ = {
			isa = XCBuildConfiguration;
			buildSettings = {
				ASSETCATALOG_COMPILER_APPICON_NAME = AppIcon;
				ASSETCATALOG_COMPILER_GLOBAL_ACCENT_COLOR_NAME = AccentColor;
				CODE_SIGN_STYLE = Automatic;
				CURRENT_PROJECT_VERSION = 1;
				DEVELOPMENT_TEAM = QQ68G99VDN;
				GENERATE_INFOPLIST_FILE = YES;
				INFOPLIST_FILE = GHFollowers/Info.plist;
				INFOPLIST_KEY_UIApplicationSupportsIndirectInputEvents = YES;
				INFOPLIST_KEY_UILaunchStoryboardName = "";
				INFOPLIST_KEY_UIStatusBarStyle = "";
				INFOPLIST_KEY_UISupportedInterfaceOrientations = UIInterfaceOrientationPortrait;
				INFOPLIST_KEY_UISupportedInterfaceOrientations_iPad = "UIInterfaceOrientationLandscapeLeft UIInterfaceOrientationLandscapeRight UIInterfaceOrientationPortrait UIInterfaceOrientationPortraitUpsideDown";
				LD_RUNPATH_SEARCH_PATHS = (
					"$(inherited)",
					"@executable_path/Frameworks",
				);
				MARKETING_VERSION = 1.0;
				PRODUCT_BUNDLE_IDENTIFIER = co.jameel.GHFollowers;
				PRODUCT_NAME = "$(TARGET_NAME)";
				SUPPORTED_PLATFORMS = "iphoneos iphonesimulator";
				SUPPORTS_MACCATALYST = NO;
				SUPPORTS_MAC_DESIGNED_FOR_IPHONE_IPAD = YES;
				SWIFT_EMIT_LOC_STRINGS = YES;
				SWIFT_VERSION = 5.0;
				TARGETED_DEVICE_FAMILY = 1;
			};
			name = Release;
		};
/* End XCBuildConfiguration section */

/* Begin XCConfigurationList section */
		1918D9FC2A98271900456184 /* Build configuration list for PBXProject "GHFollowers" */ = {
			isa = XCConfigurationList;
			buildConfigurations = (
				1918DA132A98271C00456184 /* Debug */,
				1918DA142A98271C00456184 /* Release */,
			);
			defaultConfigurationIsVisible = 0;
			defaultConfigurationName = Release;
		};
		1918DA152A98271C00456184 /* Build configuration list for PBXNativeTarget "GHFollowers" */ = {
			isa = XCConfigurationList;
			buildConfigurations = (
				1918DA162A98271C00456184 /* Debug */,
				1918DA172A98271C00456184 /* Release */,
			);
			defaultConfigurationIsVisible = 0;
			defaultConfigurationName = Release;
		};
/* End XCConfigurationList section */
	};
	rootObject = 1918D9F92A98271900456184 /* Project object */;
}
